<?xml version="1.0" encoding="utf-8"?>
<Project ToolsVersion="4.0" xmlns="http://schemas.microsoft.com/developer/msbuild/2003">
  <ItemGroup>
    <ClInclude Include="stdafx.h" />
    <ClInclude Include="pe.hpp">
      <Filter>pe</Filter>
    </ClInclude>
    <ClInclude Include="dosheader.hpp">
      <Filter>pe</Filter>
    </ClInclude>
    <ClInclude Include="pefileheader.hpp">
      <Filter>pe</Filter>
    </ClInclude>
    <ClInclude Include="peheader.hpp">
      <Filter>pe</Filter>
    </ClInclude>
    <ClInclude Include="peoptionalheader.hpp">
      <Filter>pe</Filter>
    </ClInclude>
    <ClInclude Include="pesectiontable.hpp">
      <Filter>pe</Filter>
    </ClInclude>
    <ClInclude Include="pesection.hpp">
      <Filter>pe</Filter>
    </ClInclude>
    <ClInclude Include="pesectionheader.hpp">
      <Filter>pe</Filter>
    </ClInclude>
    <ClInclude Include="peimport.hpp">
      <Filter>pe</Filter>
    </ClInclude>
    <ClInclude Include="utils.hpp" />
    <ClInclude Include="flatbinary.hpp">
      <Filter>flat</Filter>
    </ClInclude>
    <ClInclude Include="peexport.hpp">
      <Filter>pe</Filter>
    </ClInclude>
  </ItemGroup>
  <ItemGroup>
    <ClCompile Include="stdafx.cpp" />
    <ClCompile Include="main.cpp" />
    <ClCompile Include="pe.cpp">
      <Filter>pe</Filter>
    </ClCompile>
    <ClCompile Include="dosheader.cpp">
      <Filter>pe</Filter>
    </ClCompile>
    <ClCompile Include="pefileheader.cpp">
      <Filter>pe</Filter>
    </ClCompile>
    <ClCompile Include="peheader.cpp">
      <Filter>pe</Filter>
    </ClCompile>
    <ClCompile Include="peoptionalheader.cpp">
      <Filter>pe</Filter>
    </ClCompile>
    <ClCompile Include="pesectiontable.cpp">
      <Filter>pe</Filter>
    </ClCompile>
    <ClCompile Include="pesection.cpp">
      <Filter>pe</Filter>
    </ClCompile>
    <ClCompile Include="pesectionheader.cpp">
      <Filter>pe</Filter>
    </ClCompile>
    <ClCompile Include="peimport.cpp">
      <Filter>pe</Filter>
    </ClCompile>
    <ClCompile Include="utils.cpp" />
    <ClCompile Include="flatbinary.cpp">
      <Filter>flat</Filter>
    </ClCompile>
    <ClCompile Include="peexport.cpp">
      <Filter>pe</Filter>
    </ClCompile>
  </ItemGroup>
  <ItemGroup>
    <Filter Include="pe">
      <UniqueIdentifier>{d311af6a-96fb-4b96-b03a-f02e3c5486d5}</UniqueIdentifier>
    </Filter>
    <Filter Include="flat">
      <UniqueIdentifier>{1fdb35ad-1b5e-453a-afde-82eb057bc398}</UniqueIdentifier>
    </Filter>
  </ItemGroup>
</Project>