<?xml version="1.0" encoding="utf-8"?>
<Project ToolsVersion="4.0" xmlns="http://schemas.microsoft.com/developer/msbuild/2003">
  <ItemGroup>
    <ClInclude Include="stdafx.h" />
    <ClInclude Include="..\pereader\flatbinary.hpp">
      <Filter>flat</Filter>
    </ClInclude>
  </ItemGroup>
  <ItemGroup>
    <ClCompile Include="main.cpp" />
    <ClCompile Include="stdafx.cpp" />
    <ClCompile Include="..\pereader\flatbinary.cpp">
      <Filter>flat</Filter>
    </ClCompile>
  </ItemGroup>
  <ItemGroup>
    <Filter Include="flat">
      <UniqueIdentifier>{19d05612-8b48-47eb-bbd9-ffe7a3d9b7fa}</UniqueIdentifier>
    </Filter>
  </ItemGroup>
</Project>